
Microsoft Visual Studio Solution File, Format Version 12.00
# Visual Studio Version 17
VisualStudioVersion = 17.14.36603.0 d17.14
MinimumVisualStudioVersion = 10.0.40219.1
Project("{FAE04EC0-301F-11D3-BF4B-00C04F79EFBC}") = "MathGame", "MathGame.csproj", "{79B4A8BC-8216-4613-9C36-E96249347CE1}"
EndProject
Global
	GlobalSection(SolutionConfigurationPlatforms) = preSolution
		Debug|Any CPU = Debug|Any CPU
		Release|Any CPU = Release|Any CPU
	EndGlobalSection
	GlobalSection(ProjectConfigurationPlatforms) = postSolution
		{79B4A8BC-8216-4613-9C36-E96249347CE1}.Debug|Any CPU.ActiveCfg = Debug|Any CPU
		{79B4A8BC-8216-4613-9C36-E96249347CE1}.Debug|Any CPU.Build.0 = Debug|Any CPU
		{79B4A8BC-8216-4613-9C36-E96249347CE1}.Release|Any CPU.ActiveCfg = Release|Any CPU
		{79B4A8BC-8216-4613-9C36-E96249347CE1}.Release|Any CPU.Build.0 = Release|Any CPU
	EndGlobalSection
	GlobalSection(SolutionProperties) = preSolution
		HideSolutionNode = FALSE
	EndGlobalSection
	GlobalSection(ExtensibilityGlobals) = postSolution
		SolutionGuid = {1B10CA35-7A9D-4580-BA2C-920F929FB3EE}
	EndGlobalSection
EndGlobal
